
Microsoft Visual Studio Solution File, Format Version 12.00
# Visual Studio Version 16
VisualStudioVersion = 16.0.31205.134
MinimumVisualStudioVersion = 10.0.40219.1
Project("{FAE04EC0-301F-11D3-BF4B-00C04F79EFBC}") = "EasyPost", "EasyPost\EasyPost.csproj", "{69683F8C-9306-4ED3-90BD-1F5C2F6977E1}"
EndProject
Project("{FAE04EC0-301F-11D3-BF4B-00C04F79EFBC}") = "EasyPost.Net40", "EasyPost.Net40\EasyPost.Net40.csproj", "{1F24FD3A-FA41-4802-91C3-AD84E57E3936}"
EndProject
Project("{FAE04EC0-301F-11D3-BF4B-00C04F79EFBC}") = "EasyPost.Net35", "EasyPost.Net35\EasyPost.Net35.csproj", "{174DF282-06C7-43F7-9401-8A5DCAAC85E5}"
EndProject
Project("{9A19103F-16F7-4668-BE54-9A1E7A4F7556}") = "EasyPost.NetCore20", "EasyPost.NetCore20\EasyPost.NetCore20.csproj", "{C1701BBC-5D36-4440-92FF-147276BDF177}"
EndProject
Project("{9A19103F-16F7-4668-BE54-9A1E7A4F7556}") = "EasyPost.NetCore31", "EasyPost.NetCore31\EasyPost.NetCore31.csproj", "{E9DD2186-6FF9-46E8-8CDA-7DD67F2D19C7}"
EndProject
Project("{FAE04EC0-301F-11D3-BF4B-00C04F79EFBC}") = "EasyPost.Tests", "EasyPost.Tests\EasyPost.Tests.csproj", "{5FD0A21A-1A0A-4776-B54C-23F61450363A}"
EndProject
Global
	GlobalSection(SolutionConfigurationPlatforms) = preSolution
		Debug|Any CPU = Debug|Any CPU
		Release|Any CPU = Release|Any CPU
	EndGlobalSection
	GlobalSection(ProjectConfigurationPlatforms) = postSolution
		{69683F8C-9306-4ED3-90BD-1F5C2F6977E1}.Release|Any CPU.ActiveCfg = Release|Any CPU
		{69683F8C-9306-4ED3-90BD-1F5C2F6977E1}.Release|Any CPU.Build.0 = Release|Any CPU
		{69683F8C-9306-4ED3-90BD-1F5C2F6977E1}.Debug|Any CPU.ActiveCfg = Test|Any CPU
		{69683F8C-9306-4ED3-90BD-1F5C2F6977E1}.Debug|Any CPU.Build.0 = Test|Any CPU
		{1F24FD3A-FA41-4802-91C3-AD84E57E3936}.Release|Any CPU.ActiveCfg = Release|Any CPU
		{1F24FD3A-FA41-4802-91C3-AD84E57E3936}.Release|Any CPU.Build.0 = Release|Any CPU
		{1F24FD3A-FA41-4802-91C3-AD84E57E3936}.Debug|Any CPU.ActiveCfg = Test|Any CPU
		{1F24FD3A-FA41-4802-91C3-AD84E57E3936}.Debug|Any CPU.Build.0 = Test|Any CPU
		{174DF282-06C7-43F7-9401-8A5DCAAC85E5}.Release|Any CPU.ActiveCfg = Release|Any CPU
		{174DF282-06C7-43F7-9401-8A5DCAAC85E5}.Release|Any CPU.Build.0 = Release|Any CPU
		{174DF282-06C7-43F7-9401-8A5DCAAC85E5}.Debug|Any CPU.ActiveCfg = Test|Any CPU
		{174DF282-06C7-43F7-9401-8A5DCAAC85E5}.Debug|Any CPU.Build.0 = Test|Any CPU
		{C1701BBC-5D36-4440-92FF-147276BDF177}.Release|Any CPU.ActiveCfg = Release|Any CPU
		{C1701BBC-5D36-4440-92FF-147276BDF177}.Release|Any CPU.Build.0 = Release|Any CPU
		{C1701BBC-5D36-4440-92FF-147276BDF177}.Debug|Any CPU.ActiveCfg = Test|Any CPU
		{C1701BBC-5D36-4440-92FF-147276BDF177}.Debug|Any CPU.Build.0 = Test|Any CPU
		{E9DD2186-6FF9-46E8-8CDA-7DD67F2D19C7}.Release|Any CPU.ActiveCfg = Release|Any CPU
		{E9DD2186-6FF9-46E8-8CDA-7DD67F2D19C7}.Release|Any CPU.Build.0 = Release|Any CPU
		{E9DD2186-6FF9-46E8-8CDA-7DD67F2D19C7}.Debug|Any CPU.ActiveCfg = Test|Any CPU
		{E9DD2186-6FF9-46E8-8CDA-7DD67F2D19C7}.Debug|Any CPU.Build.0 = Test|Any CPU
		{5FD0A21A-1A0A-4776-B54C-23F61450363A}.Release|Any CPU.ActiveCfg = Release|Any CPU
		{5FD0A21A-1A0A-4776-B54C-23F61450363A}.Release|Any CPU.Build.0 = Release|Any CPU
		{5FD0A21A-1A0A-4776-B54C-23F61450363A}.Debug|Any CPU.ActiveCfg = Test|Any CPU
		{5FD0A21A-1A0A-4776-B54C-23F61450363A}.Debug|Any CPU.Build.0 = Test|Any CPU
		{0BCFDDB4-FCF1-412D-967A-0DDCEBCCEF72}.Release|Any CPU.ActiveCfg = Release|Any CPU
		{0BCFDDB4-FCF1-412D-967A-0DDCEBCCEF72}.Release|Any CPU.Build.0 = Release|Any CPU
		{0BCFDDB4-FCF1-412D-967A-0DDCEBCCEF72}.Debug|Any CPU.ActiveCfg = Test|Any CPU
		{0BCFDDB4-FCF1-412D-967A-0DDCEBCCEF72}.Debug|Any CPU.Build.0 = Test|Any CPU
	EndGlobalSection
	GlobalSection(SolutionProperties) = preSolution
		HideSolutionNode = FALSE
	EndGlobalSection
	GlobalSection(ExtensibilityGlobals) = postSolution
		SolutionGuid = {0ACD5B4D-302F-4FD6-A3F7-0F1C27EDD5B1}
	EndGlobalSection
EndGlobal
